
Microsoft Visual Studio Solution File, Format Version 12.00
# Visual Studio Version 16
VisualStudioVersion = 16.0.30523.141
MinimumVisualStudioVersion = 10.0.40219.1
Project("{9A19103F-16F7-4668-BE54-9A1E7A4F7556}") = "TestProject.AuthApi", "AuthProject.AuthApi\TestProject.AuthApi.csproj", "{FF0E4816-D37D-42C9-A955-7A6D362FEBF3}"
EndProject
Project("{9A19103F-16F7-4668-BE54-9A1E7A4F7556}") = "TestProject.Auth.Common", "AuthProject.Auth.Common\TestProject.Auth.Common.csproj", "{2F30F2E1-E373-48D1-8A29-BA07C04F81C9}"
EndProject
Project("{9A19103F-16F7-4668-BE54-9A1E7A4F7556}") = "TestProjectResource.Api", "AuthProjectResource.Api\TestProjectResource.Api.csproj", "{B5883E4D-78EC-4D0B-898E-3E059457372C}"
EndProject
Global
	GlobalSection(SolutionConfigurationPlatforms) = preSolution
		Debug|Any CPU = Debug|Any CPU
		Release|Any CPU = Release|Any CPU
	EndGlobalSection
	GlobalSection(ProjectConfigurationPlatforms) = postSolution
		{FF0E4816-D37D-42C9-A955-7A6D362FEBF3}.Debug|Any CPU.ActiveCfg = Debug|Any CPU
		{FF0E4816-D37D-42C9-A955-7A6D362FEBF3}.Debug|Any CPU.Build.0 = Debug|Any CPU
		{FF0E4816-D37D-42C9-A955-7A6D362FEBF3}.Release|Any CPU.ActiveCfg = Release|Any CPU
		{FF0E4816-D37D-42C9-A955-7A6D362FEBF3}.Release|Any CPU.Build.0 = Release|Any CPU
		{2F30F2E1-E373-48D1-8A29-BA07C04F81C9}.Debug|Any CPU.ActiveCfg = Debug|Any CPU
		{2F30F2E1-E373-48D1-8A29-BA07C04F81C9}.Debug|Any CPU.Build.0 = Debug|Any CPU
		{2F30F2E1-E373-48D1-8A29-BA07C04F81C9}.Release|Any CPU.ActiveCfg = Release|Any CPU
		{2F30F2E1-E373-48D1-8A29-BA07C04F81C9}.Release|Any CPU.Build.0 = Release|Any CPU
		{B5883E4D-78EC-4D0B-898E-3E059457372C}.Debug|Any CPU.ActiveCfg = Debug|Any CPU
		{B5883E4D-78EC-4D0B-898E-3E059457372C}.Debug|Any CPU.Build.0 = Debug|Any CPU
		{B5883E4D-78EC-4D0B-898E-3E059457372C}.Release|Any CPU.ActiveCfg = Release|Any CPU
		{B5883E4D-78EC-4D0B-898E-3E059457372C}.Release|Any CPU.Build.0 = Release|Any CPU
	EndGlobalSection
	GlobalSection(SolutionProperties) = preSolution
		HideSolutionNode = FALSE
	EndGlobalSection
	GlobalSection(ExtensibilityGlobals) = postSolution
		SolutionGuid = {3BD6515A-2498-42EE-9945-18B3AFFB45F2}
	EndGlobalSection
EndGlobal
